
Microsoft Visual Studio Solution File, Format Version 12.00
# Visual Studio Version 16
VisualStudioVersion = 16.0.30717.126
MinimumVisualStudioVersion = 10.0.40219.1
Project("{FAE04EC0-301F-11D3-BF4B-00C04F79EFBC}") = "Day3", "Day3\Day3.csproj", "{249ED55D-1462-490A-BF49-44A827D84F5B}"
EndProject
Project("{FAE04EC0-301F-11D3-BF4B-00C04F79EFBC}") = "Day4", "Day4\Day4.csproj", "{E946E3BC-7375-4ACE-8C94-FB3464742B23}"
EndProject
Global
	GlobalSection(SolutionConfigurationPlatforms) = preSolution
		Debug|Any CPU = Debug|Any CPU
		Release|Any CPU = Release|Any CPU
	EndGlobalSection
	GlobalSection(ProjectConfigurationPlatforms) = postSolution
		{249ED55D-1462-490A-BF49-44A827D84F5B}.Debug|Any CPU.ActiveCfg = Debug|Any CPU
		{249ED55D-1462-490A-BF49-44A827D84F5B}.Debug|Any CPU.Build.0 = Debug|Any CPU
		{249ED55D-1462-490A-BF49-44A827D84F5B}.Release|Any CPU.ActiveCfg = Release|Any CPU
		{249ED55D-1462-490A-BF49-44A827D84F5B}.Release|Any CPU.Build.0 = Release|Any CPU
		{E946E3BC-7375-4ACE-8C94-FB3464742B23}.Debug|Any CPU.ActiveCfg = Debug|Any CPU
		{E946E3BC-7375-4ACE-8C94-FB3464742B23}.Debug|Any CPU.Build.0 = Debug|Any CPU
		{E946E3BC-7375-4ACE-8C94-FB3464742B23}.Release|Any CPU.ActiveCfg = Release|Any CPU
		{E946E3BC-7375-4ACE-8C94-FB3464742B23}.Release|Any CPU.Build.0 = Release|Any CPU
	EndGlobalSection
	GlobalSection(SolutionProperties) = preSolution
		HideSolutionNode = FALSE
	EndGlobalSection
	GlobalSection(ExtensibilityGlobals) = postSolution
		SolutionGuid = {917CF991-1396-47C6-8D0F-17793C5322A3}
	EndGlobalSection
EndGlobal
