
Microsoft Visual Studio Solution File, Format Version 12.00
# Visual Studio Version 16
VisualStudioVersion = 16.0.30717.126
MinimumVisualStudioVersion = 10.0.40219.1
Project("{FAE04EC0-301F-11D3-BF4B-00C04F79EFBC}") = "Day3", "Day3\Day3.csproj", "{249ED55D-1462-490A-BF49-44A827D84F5B}"
EndProject
Project("{FAE04EC0-301F-11D3-BF4B-00C04F79EFBC}") = "Day4", "Day4\Day4.csproj", "{E946E3BC-7375-4ACE-8C94-FB3464742B23}"
EndProject
Project("{FAE04EC0-301F-11D3-BF4B-00C04F79EFBC}") = "Day1", "Day1\Day1.csproj", "{8705AE76-E08C-4A73-9328-5065A92B1DE9}"
EndProject
Project("{FAE04EC0-301F-11D3-BF4B-00C04F79EFBC}") = "Day2", "Day2\Day2.csproj", "{6DFD7064-185A-4E26-B10B-C872D2C3495D}"
EndProject
Project("{FAE04EC0-301F-11D3-BF4B-00C04F79EFBC}") = "Day5", "Day5\Day5.csproj", "{F8D85DAC-813F-4BD7-AB1B-4A75E50DCF4B}"
EndProject
Project("{FAE04EC0-301F-11D3-BF4B-00C04F79EFBC}") = "Day6", "Day6\Day6.csproj", "{A57EE7F4-A88C-429E-B3CF-0BB4B76A4F24}"
EndProject
Project("{FAE04EC0-301F-11D3-BF4B-00C04F79EFBC}") = "Day7", "Day7\Day7.csproj", "{3924F7DF-A67E-4478-9FFA-B111558CA32C}"
EndProject
Global
	GlobalSection(SolutionConfigurationPlatforms) = preSolution
		Debug|Any CPU = Debug|Any CPU
		Release|Any CPU = Release|Any CPU
	EndGlobalSection
	GlobalSection(ProjectConfigurationPlatforms) = postSolution
		{249ED55D-1462-490A-BF49-44A827D84F5B}.Debug|Any CPU.ActiveCfg = Debug|Any CPU
		{249ED55D-1462-490A-BF49-44A827D84F5B}.Debug|Any CPU.Build.0 = Debug|Any CPU
		{249ED55D-1462-490A-BF49-44A827D84F5B}.Release|Any CPU.ActiveCfg = Release|Any CPU
		{249ED55D-1462-490A-BF49-44A827D84F5B}.Release|Any CPU.Build.0 = Release|Any CPU
		{E946E3BC-7375-4ACE-8C94-FB3464742B23}.Debug|Any CPU.ActiveCfg = Debug|Any CPU
		{E946E3BC-7375-4ACE-8C94-FB3464742B23}.Debug|Any CPU.Build.0 = Debug|Any CPU
		{E946E3BC-7375-4ACE-8C94-FB3464742B23}.Release|Any CPU.ActiveCfg = Release|Any CPU
		{E946E3BC-7375-4ACE-8C94-FB3464742B23}.Release|Any CPU.Build.0 = Release|Any CPU
		{8705AE76-E08C-4A73-9328-5065A92B1DE9}.Debug|Any CPU.ActiveCfg = Debug|Any CPU
		{8705AE76-E08C-4A73-9328-5065A92B1DE9}.Debug|Any CPU.Build.0 = Debug|Any CPU
		{8705AE76-E08C-4A73-9328-5065A92B1DE9}.Release|Any CPU.ActiveCfg = Release|Any CPU
		{8705AE76-E08C-4A73-9328-5065A92B1DE9}.Release|Any CPU.Build.0 = Release|Any CPU
		{6DFD7064-185A-4E26-B10B-C872D2C3495D}.Debug|Any CPU.ActiveCfg = Debug|Any CPU
		{6DFD7064-185A-4E26-B10B-C872D2C3495D}.Debug|Any CPU.Build.0 = Debug|Any CPU
		{6DFD7064-185A-4E26-B10B-C872D2C3495D}.Release|Any CPU.ActiveCfg = Release|Any CPU
		{6DFD7064-185A-4E26-B10B-C872D2C3495D}.Release|Any CPU.Build.0 = Release|Any CPU
		{F8D85DAC-813F-4BD7-AB1B-4A75E50DCF4B}.Debug|Any CPU.ActiveCfg = Debug|Any CPU
		{F8D85DAC-813F-4BD7-AB1B-4A75E50DCF4B}.Debug|Any CPU.Build.0 = Debug|Any CPU
		{F8D85DAC-813F-4BD7-AB1B-4A75E50DCF4B}.Release|Any CPU.ActiveCfg = Release|Any CPU
		{F8D85DAC-813F-4BD7-AB1B-4A75E50DCF4B}.Release|Any CPU.Build.0 = Release|Any CPU
		{A57EE7F4-A88C-429E-B3CF-0BB4B76A4F24}.Debug|Any CPU.ActiveCfg = Debug|Any CPU
		{A57EE7F4-A88C-429E-B3CF-0BB4B76A4F24}.Debug|Any CPU.Build.0 = Debug|Any CPU
		{A57EE7F4-A88C-429E-B3CF-0BB4B76A4F24}.Release|Any CPU.ActiveCfg = Release|Any CPU
		{A57EE7F4-A88C-429E-B3CF-0BB4B76A4F24}.Release|Any CPU.Build.0 = Release|Any CPU
		{3924F7DF-A67E-4478-9FFA-B111558CA32C}.Debug|Any CPU.ActiveCfg = Debug|Any CPU
		{3924F7DF-A67E-4478-9FFA-B111558CA32C}.Debug|Any CPU.Build.0 = Debug|Any CPU
		{3924F7DF-A67E-4478-9FFA-B111558CA32C}.Release|Any CPU.ActiveCfg = Release|Any CPU
		{3924F7DF-A67E-4478-9FFA-B111558CA32C}.Release|Any CPU.Build.0 = Release|Any CPU
	EndGlobalSection
	GlobalSection(SolutionProperties) = preSolution
		HideSolutionNode = FALSE
	EndGlobalSection
	GlobalSection(ExtensibilityGlobals) = postSolution
		SolutionGuid = {917CF991-1396-47C6-8D0F-17793C5322A3}
	EndGlobalSection
EndGlobal
